// !$*UTF8*$!
{
	archiveVersion = 1;
	classes = {
	};
	objectVersion = 50;
	objects = {

/* Begin PBXBuildFile section */
		A59505A426C6F89D004E90F7 /* AppDelegate.swift in Sources */ = {isa = PBXBuildFile; fileRef = A59505A326C6F89D004E90F7 /* AppDelegate.swift */; };
		A59505A626C6F89D004E90F7 /* SceneDelegate.swift in Sources */ = {isa = PBXBuildFile; fileRef = A59505A526C6F89D004E90F7 /* SceneDelegate.swift */; };
		A59505A826C6F89D004E90F7 /* ViewController.swift in Sources */ = {isa = PBXBuildFile; fileRef = A59505A726C6F89D004E90F7 /* ViewController.swift */; };
		A59505AB26C6F89D004E90F7 /* Main.storyboard in Resources */ = {isa = PBXBuildFile; fileRef = A59505A926C6F89D004E90F7 /* Main.storyboard */; };
		A59505AD26C6F89F004E90F7 /* Assets.xcassets in Resources */ = {isa = PBXBuildFile; fileRef = A59505AC26C6F89F004E90F7 /* Assets.xcassets */; };
		A59505B026C6F89F004E90F7 /* LaunchScreen.storyboard in Resources */ = {isa = PBXBuildFile; fileRef = A59505AE26C6F89F004E90F7 /* LaunchScreen.storyboard */; };
		A59505B826C6FBE6004E90F7 /* Constants.swift in Sources */ = {isa = PBXBuildFile; fileRef = A59505B726C6FBE6004E90F7 /* Constants.swift */; };
		A59505BA26C7010C004E90F7 /* SearchVC.swift in Sources */ = {isa = PBXBuildFile; fileRef = A59505B926C7010C004E90F7 /* SearchVC.swift */; };
		A59505BC26C70122004E90F7 /* FavsVC.swift in Sources */ = {isa = PBXBuildFile; fileRef = A59505BB26C70122004E90F7 /* FavsVC.swift */; };
		A59505BE26C703A5004E90F7 /* VCModel.swift in Sources */ = {isa = PBXBuildFile; fileRef = A59505BD26C703A5004E90F7 /* VCModel.swift */; };
		A59505C226C7C77F004E90F7 /* CustomCell.swift in Sources */ = {isa = PBXBuildFile; fileRef = A59505C126C7C77F004E90F7 /* CustomCell.swift */; };
		A59505C926C7CCD2004E90F7 /* Extensions.swift in Sources */ = {isa = PBXBuildFile; fileRef = A59505C826C7CCD2004E90F7 /* Extensions.swift */; };
		A59505CE26C7DB56004E90F7 /* NetworkManager.swift in Sources */ = {isa = PBXBuildFile; fileRef = A59505CD26C7DB56004E90F7 /* NetworkManager.swift */; };
		A59505D026C7DDD9004E90F7 /* image+EXT.swift in Sources */ = {isa = PBXBuildFile; fileRef = A59505CF26C7DDD9004E90F7 /* image+EXT.swift */; };
		A59505D326C7DFCC004E90F7 /* Results.swift in Sources */ = {isa = PBXBuildFile; fileRef = A59505D226C7DFCC004E90F7 /* Results.swift */; };
		A59505D726CAACE4004E90F7 /* UIHelper.swift in Sources */ = {isa = PBXBuildFile; fileRef = A59505D626CAACE4004E90F7 /* UIHelper.swift */; };
		A59505D926CC4471004E90F7 /* LoadingPageVC.swift in Sources */ = {isa = PBXBuildFile; fileRef = A59505D826CC4471004E90F7 /* LoadingPageVC.swift */; };
		A59505DC26CC4687004E90F7 /* PokeButton.swift in Sources */ = {isa = PBXBuildFile; fileRef = A59505DB26CC4687004E90F7 /* PokeButton.swift */; };
		A59505DE26CDC58D004E90F7 /* PokemonDetailVC.swift in Sources */ = {isa = PBXBuildFile; fileRef = A59505DD26CDC58D004E90F7 /* PokemonDetailVC.swift */; };
		A59505E126CEABC1004E90F7 /* PokeTitle.swift in Sources */ = {isa = PBXBuildFile; fileRef = A59505E026CEABC1004E90F7 /* PokeTitle.swift */; };
		A59505E426CEDEFE004E90F7 /* PokeImage.swift in Sources */ = {isa = PBXBuildFile; fileRef = A59505E326CEDEFE004E90F7 /* PokeImage.swift */; };
		A59505E626CF18F7004E90F7 /* PokeProgressBar.swift in Sources */ = {isa = PBXBuildFile; fileRef = A59505E526CF18F7004E90F7 /* PokeProgressBar.swift */; };
		A59505E826CFEFD9004E90F7 /* CustomTableCell.swift in Sources */ = {isa = PBXBuildFile; fileRef = A59505E726CFEFD9004E90F7 /* CustomTableCell.swift */; };
		A59505EB26D01437004E90F7 /* Pokemon Hollow.ttf in Resources */ = {isa = PBXBuildFile; fileRef = A59505EA26D01437004E90F7 /* Pokemon Hollow.ttf */; };
		A59505ED26D02FEF004E90F7 /* Pokemon Solid.ttf in Resources */ = {isa = PBXBuildFile; fileRef = A59505EC26D02FEF004E90F7 /* Pokemon Solid.ttf */; };
		A59505EF26D03127004E90F7 /* LoadingView+Ext.swift in Sources */ = {isa = PBXBuildFile; fileRef = A59505EE26D03127004E90F7 /* LoadingView+Ext.swift */; };
		A59505F426D13AFF004E90F7 /* coreData.xcdatamodeld in Sources */ = {isa = PBXBuildFile; fileRef = A59505F226D13AFF004E90F7 /* coreData.xcdatamodeld */; };
		A59505F826D2C091004E90F7 /* Alert+EXT.swift in Sources */ = {isa = PBXBuildFile; fileRef = A59505F726D2C091004E90F7 /* Alert+EXT.swift */; };
		A59505FA26D2D48E004E90F7 /* PokeAlert.swift in Sources */ = {isa = PBXBuildFile; fileRef = A59505F926D2D48E004E90F7 /* PokeAlert.swift */; };
/* End PBXBuildFile section */

/* Begin PBXFileReference section */
		A59505A026C6F89D004E90F7 /* PokeProject.app */ = {isa = PBXFileReference; explicitFileType = wrapper.application; includeInIndex = 0; path = PokeProject.app; sourceTree = BUILT_PRODUCTS_DIR; };
		A59505A326C6F89D004E90F7 /* AppDelegate.swift */ = {isa = PBXFileReference; lastKnownFileType = sourcecode.swift; path = AppDelegate.swift; sourceTree = "<group>"; };
		A59505A526C6F89D004E90F7 /* SceneDelegate.swift */ = {isa = PBXFileReference; lastKnownFileType = sourcecode.swift; path = SceneDelegate.swift; sourceTree = "<group>"; };
		A59505A726C6F89D004E90F7 /* ViewController.swift */ = {isa = PBXFileReference; lastKnownFileType = sourcecode.swift; path = ViewController.swift; sourceTree = "<group>"; };
		A59505AA26C6F89D004E90F7 /* Base */ = {isa = PBXFileReference; lastKnownFileType = file.storyboard; name = Base; path = Base.lproj/Main.storyboard; sourceTree = "<group>"; };
		A59505AC26C6F89F004E90F7 /* Assets.xcassets */ = {isa = PBXFileReference; lastKnownFileType = folder.assetcatalog; path = Assets.xcassets; sourceTree = "<group>"; };
		A59505AF26C6F89F004E90F7 /* Base */ = {isa = PBXFileReference; lastKnownFileType = file.storyboard; name = Base; path = Base.lproj/LaunchScreen.storyboard; sourceTree = "<group>"; };
		A59505B126C6F89F004E90F7 /* Info.plist */ = {isa = PBXFileReference; lastKnownFileType = text.plist.xml; path = Info.plist; sourceTree = "<group>"; };
		A59505B726C6FBE6004E90F7 /* Constants.swift */ = {isa = PBXFileReference; lastKnownFileType = sourcecode.swift; path = Constants.swift; sourceTree = "<group>"; };
		A59505B926C7010C004E90F7 /* SearchVC.swift */ = {isa = PBXFileReference; lastKnownFileType = sourcecode.swift; path = SearchVC.swift; sourceTree = "<group>"; };
		A59505BB26C70122004E90F7 /* FavsVC.swift */ = {isa = PBXFileReference; lastKnownFileType = sourcecode.swift; path = FavsVC.swift; sourceTree = "<group>"; };
		A59505BD26C703A5004E90F7 /* VCModel.swift */ = {isa = PBXFileReference; lastKnownFileType = sourcecode.swift; path = VCModel.swift; sourceTree = "<group>"; };
		A59505C126C7C77F004E90F7 /* CustomCell.swift */ = {isa = PBXFileReference; lastKnownFileType = sourcecode.swift; path = CustomCell.swift; sourceTree = "<group>"; };
		A59505C826C7CCD2004E90F7 /* Extensions.swift */ = {isa = PBXFileReference; fileEncoding = 4; lastKnownFileType = sourcecode.swift; path = Extensions.swift; sourceTree = "<group>"; };
		A59505CD26C7DB56004E90F7 /* NetworkManager.swift */ = {isa = PBXFileReference; lastKnownFileType = sourcecode.swift; path = NetworkManager.swift; sourceTree = "<group>"; };
		A59505CF26C7DDD9004E90F7 /* image+EXT.swift */ = {isa = PBXFileReference; lastKnownFileType = sourcecode.swift; path = "image+EXT.swift"; sourceTree = "<group>"; };
		A59505D226C7DFCC004E90F7 /* Results.swift */ = {isa = PBXFileReference; lastKnownFileType = sourcecode.swift; path = Results.swift; sourceTree = "<group>"; };
		A59505D626CAACE4004E90F7 /* UIHelper.swift */ = {isa = PBXFileReference; fileEncoding = 4; lastKnownFileType = sourcecode.swift; path = UIHelper.swift; sourceTree = "<group>"; };
		A59505D826CC4471004E90F7 /* LoadingPageVC.swift */ = {isa = PBXFileReference; lastKnownFileType = sourcecode.swift; path = LoadingPageVC.swift; sourceTree = "<group>"; };
		A59505DB26CC4687004E90F7 /* PokeButton.swift */ = {isa = PBXFileReference; lastKnownFileType = sourcecode.swift; path = PokeButton.swift; sourceTree = "<group>"; };
		A59505DD26CDC58D004E90F7 /* PokemonDetailVC.swift */ = {isa = PBXFileReference; lastKnownFileType = sourcecode.swift; path = PokemonDetailVC.swift; sourceTree = "<group>"; };
		A59505E026CEABC1004E90F7 /* PokeTitle.swift */ = {isa = PBXFileReference; lastKnownFileType = sourcecode.swift; path = PokeTitle.swift; sourceTree = "<group>"; };
		A59505E326CEDEFE004E90F7 /* PokeImage.swift */ = {isa = PBXFileReference; lastKnownFileType = sourcecode.swift; path = PokeImage.swift; sourceTree = "<group>"; };
		A59505E526CF18F7004E90F7 /* PokeProgressBar.swift */ = {isa = PBXFileReference; lastKnownFileType = sourcecode.swift; path = PokeProgressBar.swift; sourceTree = "<group>"; };
		A59505E726CFEFD9004E90F7 /* CustomTableCell.swift */ = {isa = PBXFileReference; lastKnownFileType = sourcecode.swift; path = CustomTableCell.swift; sourceTree = "<group>"; };
		A59505EA26D01437004E90F7 /* Pokemon Hollow.ttf */ = {isa = PBXFileReference; lastKnownFileType = file; path = "Pokemon Hollow.ttf"; sourceTree = "<group>"; };
		A59505EC26D02FEF004E90F7 /* Pokemon Solid.ttf */ = {isa = PBXFileReference; lastKnownFileType = file; path = "Pokemon Solid.ttf"; sourceTree = "<group>"; };
		A59505EE26D03127004E90F7 /* LoadingView+Ext.swift */ = {isa = PBXFileReference; lastKnownFileType = sourcecode.swift; path = "LoadingView+Ext.swift"; sourceTree = "<group>"; };
		A59505F326D13AFF004E90F7 /* coreData.xcdatamodel */ = {isa = PBXFileReference; lastKnownFileType = wrapper.xcdatamodel; path = coreData.xcdatamodel; sourceTree = "<group>"; };
		A59505F726D2C091004E90F7 /* Alert+EXT.swift */ = {isa = PBXFileReference; lastKnownFileType = sourcecode.swift; path = "Alert+EXT.swift"; sourceTree = "<group>"; };
		A59505F926D2D48E004E90F7 /* PokeAlert.swift */ = {isa = PBXFileReference; lastKnownFileType = sourcecode.swift; path = PokeAlert.swift; sourceTree = "<group>"; };
/* End PBXFileReference section */

/* Begin PBXFrameworksBuildPhase section */
		A595059D26C6F89D004E90F7 /* Frameworks */ = {
			isa = PBXFrameworksBuildPhase;
			buildActionMask = 2147483647;
			files = (
			);
			runOnlyForDeploymentPostprocessing = 0;
		};
/* End PBXFrameworksBuildPhase section */

/* Begin PBXGroup section */
		A595059726C6F89D004E90F7 = {
			isa = PBXGroup;
			children = (
				A59505A226C6F89D004E90F7 /* PokeProject */,
				A59505A126C6F89D004E90F7 /* Products */,
			);
			sourceTree = "<group>";
		};
		A59505A126C6F89D004E90F7 /* Products */ = {
			isa = PBXGroup;
			children = (
				A59505A026C6F89D004E90F7 /* PokeProject.app */,
			);
			name = Products;
			sourceTree = "<group>";
		};
		A59505A226C6F89D004E90F7 /* PokeProject */ = {
			isa = PBXGroup;
			children = (
				A59505A326C6F89D004E90F7 /* AppDelegate.swift */,
				A59505A526C6F89D004E90F7 /* SceneDelegate.swift */,
				A59505E926D01411004E90F7 /* Fonts */,
				A59505E226CEDEB5004E90F7 /* CustomViews */,
				A59505CC26C7DB48004E90F7 /* Managers */,
				A59505CA26C7D7ED004E90F7 /* Constants */,
				A59505C726C7CCC7004E90F7 /* Extensions  */,
				A59505C026C7C767004E90F7 /* Cells  */,
				A59505D126C7DF3E004E90F7 /* Model */,
				A59505BF26C7C488004E90F7 /* Screens */,
				A59505DA26CC448E004E90F7 /* LoadingPage */,
				A59505F626D17FFF004E90F7 /* FavScreen */,
				A59505DF26CEA86B004E90F7 /* DetailView */,
				A59505A926C6F89D004E90F7 /* Main.storyboard */,
				A59505AC26C6F89F004E90F7 /* Assets.xcassets */,
				A59505AE26C6F89F004E90F7 /* LaunchScreen.storyboard */,
				A59505B126C6F89F004E90F7 /* Info.plist */,
				A59505F526D13B05004E90F7 /* CoreData */,
			);
			path = PokeProject;
			sourceTree = "<group>";
		};
		A59505BF26C7C488004E90F7 /* Screens */ = {
			isa = PBXGroup;
			children = (
				A59505D426C82EE1004E90F7 /* HomeScreen */,
				A59505D526C82EF0004E90F7 /* SearchScreen */,
			);
			path = Screens;
			sourceTree = "<group>";
		};
		A59505C026C7C767004E90F7 /* Cells  */ = {
			isa = PBXGroup;
			children = (
				A59505C126C7C77F004E90F7 /* CustomCell.swift */,
				A59505E726CFEFD9004E90F7 /* CustomTableCell.swift */,
			);
			path = "Cells ";
			sourceTree = "<group>";
		};
		A59505C726C7CCC7004E90F7 /* Extensions  */ = {
			isa = PBXGroup;
			children = (
				A59505C826C7CCD2004E90F7 /* Extensions.swift */,
				A59505CF26C7DDD9004E90F7 /* image+EXT.swift */,
				A59505EE26D03127004E90F7 /* LoadingView+Ext.swift */,
				A59505F726D2C091004E90F7 /* Alert+EXT.swift */,
			);
			path = "Extensions ";
			sourceTree = "<group>";
		};
		A59505CA26C7D7ED004E90F7 /* Constants */ = {
			isa = PBXGroup;
			children = (
				A59505B726C6FBE6004E90F7 /* Constants.swift */,
			);
			path = Constants;
			sourceTree = "<group>";
		};
		A59505CC26C7DB48004E90F7 /* Managers */ = {
			isa = PBXGroup;
			children = (
				A59505CD26C7DB56004E90F7 /* NetworkManager.swift */,
			);
			path = Managers;
			sourceTree = "<group>";
		};
		A59505D126C7DF3E004E90F7 /* Model */ = {
			isa = PBXGroup;
			children = (
				A59505D226C7DFCC004E90F7 /* Results.swift */,
			);
			path = Model;
			sourceTree = "<group>";
		};
		A59505D426C82EE1004E90F7 /* HomeScreen */ = {
			isa = PBXGroup;
			children = (
				A59505A726C6F89D004E90F7 /* ViewController.swift */,
			);
			path = HomeScreen;
			sourceTree = "<group>";
		};
		A59505D526C82EF0004E90F7 /* SearchScreen */ = {
			isa = PBXGroup;
			children = (
				A59505B926C7010C004E90F7 /* SearchVC.swift */,
			);
			path = SearchScreen;
			sourceTree = "<group>";
		};
		A59505DA26CC448E004E90F7 /* LoadingPage */ = {
			isa = PBXGroup;
			children = (
				A59505D826CC4471004E90F7 /* LoadingPageVC.swift */,
				A59505BD26C703A5004E90F7 /* VCModel.swift */,
			);
			path = LoadingPage;
			sourceTree = "<group>";
		};
		A59505DF26CEA86B004E90F7 /* DetailView */ = {
			isa = PBXGroup;
			children = (
				A59505DD26CDC58D004E90F7 /* PokemonDetailVC.swift */,
			);
			path = DetailView;
			sourceTree = "<group>";
		};
		A59505E226CEDEB5004E90F7 /* CustomViews */ = {
			isa = PBXGroup;
			children = (
				A59505E026CEABC1004E90F7 /* PokeTitle.swift */,
				A59505DB26CC4687004E90F7 /* PokeButton.swift */,
				A59505D626CAACE4004E90F7 /* UIHelper.swift */,
				A59505E326CEDEFE004E90F7 /* PokeImage.swift */,
				A59505E526CF18F7004E90F7 /* PokeProgressBar.swift */,
				A59505F926D2D48E004E90F7 /* PokeAlert.swift */,
			);
			path = CustomViews;
			sourceTree = "<group>";
		};
		A59505E926D01411004E90F7 /* Fonts */ = {
			isa = PBXGroup;
			children = (
				A59505EA26D01437004E90F7 /* Pokemon Hollow.ttf */,
				A59505EC26D02FEF004E90F7 /* Pokemon Solid.ttf */,
			);
			path = Fonts;
			sourceTree = "<group>";
		};
		A59505F526D13B05004E90F7 /* CoreData */ = {
			isa = PBXGroup;
			children = (
				A59505F226D13AFF004E90F7 /* coreData.xcdatamodeld */,
			);
			path = CoreData;
			sourceTree = "<group>";
		};
		A59505F626D17FFF004E90F7 /* FavScreen */ = {
			isa = PBXGroup;
			children = (
				A59505BB26C70122004E90F7 /* FavsVC.swift */,
			);
			path = FavScreen;
			sourceTree = "<group>";
		};
/* End PBXGroup section */

/* Begin PBXNativeTarget section */
		A595059F26C6F89D004E90F7 /* PokeProject */ = {
			isa = PBXNativeTarget;
			buildConfigurationList = A59505B426C6F89F004E90F7 /* Build configuration list for PBXNativeTarget "PokeProject" */;
			buildPhases = (
				A595059C26C6F89D004E90F7 /* Sources */,
				A595059D26C6F89D004E90F7 /* Frameworks */,
				A595059E26C6F89D004E90F7 /* Resources */,
			);
			buildRules = (
			);
			dependencies = (
			);
			name = PokeProject;
			productName = PokeProject;
			productReference = A59505A026C6F89D004E90F7 /* PokeProject.app */;
			productType = "com.apple.product-type.application";
		};
/* End PBXNativeTarget section */

/* Begin PBXProject section */
		A595059826C6F89D004E90F7 /* Project object */ = {
			isa = PBXProject;
			attributes = {
				LastSwiftUpdateCheck = 1250;
				LastUpgradeCheck = 1250;
				TargetAttributes = {
					A595059F26C6F89D004E90F7 = {
						CreatedOnToolsVersion = 12.5;
					};
				};
			};
			buildConfigurationList = A595059B26C6F89D004E90F7 /* Build configuration list for PBXProject "PokeProject" */;
			compatibilityVersion = "Xcode 9.3";
			developmentRegion = en;
			hasScannedForEncodings = 0;
			knownRegions = (
				en,
				Base,
			);
			mainGroup = A595059726C6F89D004E90F7;
			productRefGroup = A59505A126C6F89D004E90F7 /* Products */;
			projectDirPath = "";
			projectRoot = "";
			targets = (
				A595059F26C6F89D004E90F7 /* PokeProject */,
			);
		};
/* End PBXProject section */

/* Begin PBXResourcesBuildPhase section */
		A595059E26C6F89D004E90F7 /* Resources */ = {
			isa = PBXResourcesBuildPhase;
			buildActionMask = 2147483647;
			files = (
				A59505ED26D02FEF004E90F7 /* Pokemon Solid.ttf in Resources */,
				A59505EB26D01437004E90F7 /* Pokemon Hollow.ttf in Resources */,
				A59505B026C6F89F004E90F7 /* LaunchScreen.storyboard in Resources */,
				A59505AD26C6F89F004E90F7 /* Assets.xcassets in Resources */,
				A59505AB26C6F89D004E90F7 /* Main.storyboard in Resources */,
			);
			runOnlyForDeploymentPostprocessing = 0;
		};
/* End PBXResourcesBuildPhase section */

/* Begin PBXSourcesBuildPhase section */
		A595059C26C6F89D004E90F7 /* Sources */ = {
			isa = PBXSourcesBuildPhase;
			buildActionMask = 2147483647;
			files = (
				A59505F826D2C091004E90F7 /* Alert+EXT.swift in Sources */,
				A59505D726CAACE4004E90F7 /* UIHelper.swift in Sources */,
				A59505A826C6F89D004E90F7 /* ViewController.swift in Sources */,
				A59505EF26D03127004E90F7 /* LoadingView+Ext.swift in Sources */,
				A59505C926C7CCD2004E90F7 /* Extensions.swift in Sources */,
				A59505CE26C7DB56004E90F7 /* NetworkManager.swift in Sources */,
				A59505D926CC4471004E90F7 /* LoadingPageVC.swift in Sources */,
				A59505DE26CDC58D004E90F7 /* PokemonDetailVC.swift in Sources */,
				A59505BA26C7010C004E90F7 /* SearchVC.swift in Sources */,
				A59505FA26D2D48E004E90F7 /* PokeAlert.swift in Sources */,
				A59505D026C7DDD9004E90F7 /* image+EXT.swift in Sources */,
				A59505E126CEABC1004E90F7 /* PokeTitle.swift in Sources */,
				A59505E626CF18F7004E90F7 /* PokeProgressBar.swift in Sources */,
				A59505BC26C70122004E90F7 /* FavsVC.swift in Sources */,
				A59505E826CFEFD9004E90F7 /* CustomTableCell.swift in Sources */,
				A59505E426CEDEFE004E90F7 /* PokeImage.swift in Sources */,
				A59505D326C7DFCC004E90F7 /* Results.swift in Sources */,
				A59505A426C6F89D004E90F7 /* AppDelegate.swift in Sources */,
				A59505A626C6F89D004E90F7 /* SceneDelegate.swift in Sources */,
				A59505B826C6FBE6004E90F7 /* Constants.swift in Sources */,
				A59505C226C7C77F004E90F7 /* CustomCell.swift in Sources */,
				A59505BE26C703A5004E90F7 /* VCModel.swift in Sources */,
				A59505F426D13AFF004E90F7 /* coreData.xcdatamodeld in Sources */,
				A59505DC26CC4687004E90F7 /* PokeButton.swift in Sources */,
			);
			runOnlyForDeploymentPostprocessing = 0;
		};
/* End PBXSourcesBuildPhase section */

/* Begin PBXVariantGroup section */
		A59505A926C6F89D004E90F7 /* Main.storyboard */ = {
			isa = PBXVariantGroup;
			children = (
				A59505AA26C6F89D004E90F7 /* Base */,
			);
			name = Main.storyboard;
			sourceTree = "<group>";
		};
		A59505AE26C6F89F004E90F7 /* LaunchScreen.storyboard */ = {
			isa = PBXVariantGroup;
			children = (
				A59505AF26C6F89F004E90F7 /* Base */,
			);
			name = LaunchScreen.storyboard;
			sourceTree = "<group>";
		};
/* End PBXVariantGroup section */

/* Begin XCBuildConfiguration section */
		A59505B226C6F89F004E90F7 /* Debug */ = {
			isa = XCBuildConfiguration;
			buildSettings = {
				ALWAYS_SEARCH_USER_PATHS = NO;
				CLANG_ANALYZER_NONNULL = YES;
				CLANG_ANALYZER_NUMBER_OBJECT_CONVERSION = YES_AGGRESSIVE;
				CLANG_CXX_LANGUAGE_STANDARD = "gnu++14";
				CLANG_CXX_LIBRARY = "libc++";
				CLANG_ENABLE_MODULES = YES;
				CLANG_ENABLE_OBJC_ARC = YES;
				CLANG_ENABLE_OBJC_WEAK = YES;
				CLANG_WARN_BLOCK_CAPTURE_AUTORELEASING = YES;
				CLANG_WARN_BOOL_CONVERSION = YES;
				CLANG_WARN_COMMA = YES;
				CLANG_WARN_CONSTANT_CONVERSION = YES;
				CLANG_WARN_DEPRECATED_OBJC_IMPLEMENTATIONS = YES;
				CLANG_WARN_DIRECT_OBJC_ISA_USAGE = YES_ERROR;
				CLANG_WARN_DOCUMENTATION_COMMENTS = YES;
				CLANG_WARN_EMPTY_BODY = YES;
				CLANG_WARN_ENUM_CONVERSION = YES;
				CLANG_WARN_INFINITE_RECURSION = YES;
				CLANG_WARN_INT_CONVERSION = YES;
				CLANG_WARN_NON_LITERAL_NULL_CONVERSION = YES;
				CLANG_WARN_OBJC_IMPLICIT_RETAIN_SELF = YES;
				CLANG_WARN_OBJC_LITERAL_CONVERSION = YES;
				CLANG_WARN_OBJC_ROOT_CLASS = YES_ERROR;
				CLANG_WARN_QUOTED_INCLUDE_IN_FRAMEWORK_HEADER = YES;
				CLANG_WARN_RANGE_LOOP_ANALYSIS = YES;
				CLANG_WARN_STRICT_PROTOTYPES = YES;
				CLANG_WARN_SUSPICIOUS_MOVE = YES;
				CLANG_WARN_UNGUARDED_AVAILABILITY = YES_AGGRESSIVE;
				CLANG_WARN_UNREACHABLE_CODE = YES;
				CLANG_WARN__DUPLICATE_METHOD_MATCH = YES;
				COPY_PHASE_STRIP = NO;
				DEBUG_INFORMATION_FORMAT = dwarf;
				ENABLE_STRICT_OBJC_MSGSEND = YES;
				ENABLE_TESTABILITY = YES;
				GCC_C_LANGUAGE_STANDARD = gnu11;
				GCC_DYNAMIC_NO_PIC = NO;
				GCC_NO_COMMON_BLOCKS = YES;
				GCC_OPTIMIZATION_LEVEL = 0;
				GCC_PREPROCESSOR_DEFINITIONS = (
					"DEBUG=1",
					"$(inherited)",
				);
				GCC_WARN_64_TO_32_BIT_CONVERSION = YES;
				GCC_WARN_ABOUT_RETURN_TYPE = YES_ERROR;
				GCC_WARN_UNDECLARED_SELECTOR = YES;
				GCC_WARN_UNINITIALIZED_AUTOS = YES_AGGRESSIVE;
				GCC_WARN_UNUSED_FUNCTION = YES;
				GCC_WARN_UNUSED_VARIABLE = YES;
				IPHONEOS_DEPLOYMENT_TARGET = 13.0;
				MTL_ENABLE_DEBUG_INFO = INCLUDE_SOURCE;
				MTL_FAST_MATH = YES;
				ONLY_ACTIVE_ARCH = YES;
				SDKROOT = iphoneos;
				SWIFT_ACTIVE_COMPILATION_CONDITIONS = DEBUG;
				SWIFT_OPTIMIZATION_LEVEL = "-Onone";
			};
			name = Debug;
		};
		A59505B326C6F89F004E90F7 /* Release */ = {
			isa = XCBuildConfiguration;
			buildSettings = {
				ALWAYS_SEARCH_USER_PATHS = NO;
				CLANG_ANALYZER_NONNULL = YES;
				CLANG_ANALYZER_NUMBER_OBJECT_CONVERSION = YES_AGGRESSIVE;
				CLANG_CXX_LANGUAGE_STANDARD = "gnu++14";
				CLANG_CXX_LIBRARY = "libc++";
				CLANG_ENABLE_MODULES = YES;
				CLANG_ENABLE_OBJC_ARC = YES;
				CLANG_ENABLE_OBJC_WEAK = YES;
				CLANG_WARN_BLOCK_CAPTURE_AUTORELEASING = YES;
				CLANG_WARN_BOOL_CONVERSION = YES;
				CLANG_WARN_COMMA = YES;
				CLANG_WARN_CONSTANT_CONVERSION = YES;
				CLANG_WARN_DEPRECATED_OBJC_IMPLEMENTATIONS = YES;
				CLANG_WARN_DIRECT_OBJC_ISA_USAGE = YES_ERROR;
				CLANG_WARN_DOCUMENTATION_COMMENTS = YES;
				CLANG_WARN_EMPTY_BODY = YES;
				CLANG_WARN_ENUM_CONVERSION = YES;
				CLANG_WARN_INFINITE_RECURSION = YES;
				CLANG_WARN_INT_CONVERSION = YES;
				CLANG_WARN_NON_LITERAL_NULL_CONVERSION = YES;
				CLANG_WARN_OBJC_IMPLICIT_RETAIN_SELF = YES;
				CLANG_WARN_OBJC_LITERAL_CONVERSION = YES;
				CLANG_WARN_OBJC_ROOT_CLASS = YES_ERROR;
				CLANG_WARN_QUOTED_INCLUDE_IN_FRAMEWORK_HEADER = YES;
				CLANG_WARN_RANGE_LOOP_ANALYSIS = YES;
				CLANG_WARN_STRICT_PROTOTYPES = YES;
				CLANG_WARN_SUSPICIOUS_MOVE = YES;
				CLANG_WARN_UNGUARDED_AVAILABILITY = YES_AGGRESSIVE;
				CLANG_WARN_UNREACHABLE_CODE = YES;
				CLANG_WARN__DUPLICATE_METHOD_MATCH = YES;
				COPY_PHASE_STRIP = NO;
				DEBUG_INFORMATION_FORMAT = "dwarf-with-dsym";
				ENABLE_NS_ASSERTIONS = NO;
				ENABLE_STRICT_OBJC_MSGSEND = YES;
				GCC_C_LANGUAGE_STANDARD = gnu11;
				GCC_NO_COMMON_BLOCKS = YES;
				GCC_WARN_64_TO_32_BIT_CONVERSION = YES;
				GCC_WARN_ABOUT_RETURN_TYPE = YES_ERROR;
				GCC_WARN_UNDECLARED_SELECTOR = YES;
				GCC_WARN_UNINITIALIZED_AUTOS = YES_AGGRESSIVE;
				GCC_WARN_UNUSED_FUNCTION = YES;
				GCC_WARN_UNUSED_VARIABLE = YES;
				IPHONEOS_DEPLOYMENT_TARGET = 13.0;
				MTL_ENABLE_DEBUG_INFO = NO;
				MTL_FAST_MATH = YES;
				SDKROOT = iphoneos;
				SWIFT_COMPILATION_MODE = wholemodule;
				SWIFT_OPTIMIZATION_LEVEL = "-O";
				VALIDATE_PRODUCT = YES;
			};
			name = Release;
		};
		A59505B526C6F89F004E90F7 /* Debug */ = {
			isa = XCBuildConfiguration;
			buildSettings = {
				ASSETCATALOG_COMPILER_APPICON_NAME = AppIcon;
				ASSETCATALOG_COMPILER_GLOBAL_ACCENT_COLOR_NAME = AccentColor;
				CODE_SIGN_STYLE = Automatic;
				DEVELOPMENT_TEAM = 6V7PDLNYSC;
				INFOPLIST_FILE = PokeProject/Info.plist;
				LD_RUNPATH_SEARCH_PATHS = (
					"$(inherited)",
					"@executable_path/Frameworks",
				);
				PRODUCT_BUNDLE_IDENTIFIER = com.james.PokeProject;
				PRODUCT_NAME = "$(TARGET_NAME)";
				SWIFT_VERSION = 5.0;
				TARGETED_DEVICE_FAMILY = "1,2";
			};
			name = Debug;
		};
		A59505B626C6F89F004E90F7 /* Release */ = {
			isa = XCBuildConfiguration;
			buildSettings = {
				ASSETCATALOG_COMPILER_APPICON_NAME = AppIcon;
				ASSETCATALOG_COMPILER_GLOBAL_ACCENT_COLOR_NAME = AccentColor;
				CODE_SIGN_STYLE = Automatic;
				DEVELOPMENT_TEAM = 6V7PDLNYSC;
				INFOPLIST_FILE = PokeProject/Info.plist;
				LD_RUNPATH_SEARCH_PATHS = (
					"$(inherited)",
					"@executable_path/Frameworks",
				);
				PRODUCT_BUNDLE_IDENTIFIER = com.james.PokeProject;
				PRODUCT_NAME = "$(TARGET_NAME)";
				SWIFT_VERSION = 5.0;
				TARGETED_DEVICE_FAMILY = "1,2";
			};
			name = Release;
		};
/* End XCBuildConfiguration section */

/* Begin XCConfigurationList section */
		A595059B26C6F89D004E90F7 /* Build configuration list for PBXProject "PokeProject" */ = {
			isa = XCConfigurationList;
			buildConfigurations = (
				A59505B226C6F89F004E90F7 /* Debug */,
				A59505B326C6F89F004E90F7 /* Release */,
			);
			defaultConfigurationIsVisible = 0;
			defaultConfigurationName = Release;
		};
		A59505B426C6F89F004E90F7 /* Build configuration list for PBXNativeTarget "PokeProject" */ = {
			isa = XCConfigurationList;
			buildConfigurations = (
				A59505B526C6F89F004E90F7 /* Debug */,
				A59505B626C6F89F004E90F7 /* Release */,
			);
			defaultConfigurationIsVisible = 0;
			defaultConfigurationName = Release;
		};
/* End XCConfigurationList section */

/* Begin XCVersionGroup section */
		A59505F226D13AFF004E90F7 /* coreData.xcdatamodeld */ = {
			isa = XCVersionGroup;
			children = (
				A59505F326D13AFF004E90F7 /* coreData.xcdatamodel */,
			);
			currentVersion = A59505F326D13AFF004E90F7 /* coreData.xcdatamodel */;
			path = coreData.xcdatamodeld;
			sourceTree = "<group>";
			versionGroupType = wrapper.xcdatamodel;
		};
/* End XCVersionGroup section */
	};
	rootObject = A595059826C6F89D004E90F7 /* Project object */;
}
